<?xml version="1.0" encoding="utf-8"?>
<Project ToolsVersion="4.0" xmlns="http://schemas.microsoft.com/developer/msbuild/2003">
  <ItemGroup>
    <Filter Include="Header">
      <UniqueIdentifier>{2a173a12-301e-4de6-a7d3-82849457786a}</UniqueIdentifier>
    </Filter>
    <Filter Include="Source">
      <UniqueIdentifier>{ae862994-6591-4794-a18a-481d7f2815bc}</UniqueIdentifier>
    </Filter>
  </ItemGroup>
  <ItemGroup>
    <ClCompile Include="GameMain.cpp">
      <Filter>Source</Filter>
    </ClCompile>
    <ClCompile Include="GameBlockAllocator.cpp">
      <Filter>Source</Filter>
    </ClCompile>
    <ClCompile Include="GameFileIO.cpp">
      <Filter>Source</Filter>
    </ClCompile>
    <ClCompile Include="GameMediaModule.cpp">
      <Filter>Source</Filter>
    </ClCompile>
    <ClCompile Include="GameGraphicModule.cpp">
      <Filter>Source</Filter>
    </ClCompile>
    <ClCompile Include="GameSpriteModule.cpp">
      <Filter>Source</Filter>
    </ClCompile>
    <ClCompile Include="GameWidgetModule.cpp">
      <Filter>Source</Filter>
    </ClCompile>
    <ClCompile Include="GameEventModule.cpp">
      <Filter>Source</Filter>
    </ClCompile>
    <ClCompile Include="GameModModule.cpp">
      <Filter>Source</Filter>
    </ClCompile>
    <ClCompile Include="GameSceneModule.cpp">
      <Filter>Source</Filter>
    </ClCompile>
    <ClCompile Include="GameNodeModule.cpp">
      <Filter>Source</Filter>
    </ClCompile>
    <ClCompile Include="GameInputModule.cpp">
      <Filter>Source</Filter>
    </ClCompile>
    <ClCompile Include="GameTimerModule.cpp">
      <Filter>Source</Filter>
    </ClCompile>
  </ItemGroup>
  <ItemGroup>
    <ClInclude Include="GameBlockAllocator.h">
      <Filter>Header</Filter>
    </ClInclude>
    <ClInclude Include="GameFileIO.h">
      <Filter>Header</Filter>
    </ClInclude>
    <ClInclude Include="GameMediaModule.h">
      <Filter>Header</Filter>
    </ClInclude>
    <ClInclude Include="GameGraphicModule.h">
      <Filter>Header</Filter>
    </ClInclude>
    <ClInclude Include="GameWidgetModule.h">
      <Filter>Header</Filter>
    </ClInclude>
    <ClInclude Include="GameEventModule.h">
      <Filter>Header</Filter>
    </ClInclude>
    <ClInclude Include="GameSpriteModule.h">
      <Filter>Header</Filter>
    </ClInclude>
    <ClInclude Include="GameModModule.h">
      <Filter>Header</Filter>
    </ClInclude>
    <ClInclude Include="GameSceneModule.h">
      <Filter>Header</Filter>
    </ClInclude>
    <ClInclude Include="GameNodeModule.h">
      <Filter>Header</Filter>
    </ClInclude>
    <ClInclude Include="GameInputModule.h">
      <Filter>Header</Filter>
    </ClInclude>
    <ClInclude Include="GameTimerModule.h">
      <Filter>Header</Filter>
    </ClInclude>
  </ItemGroup>
</Project>